// !$*UTF8*$!
{
	archiveVersion = 1;
	classes = {
	};
	objectVersion = 56;
	objects = {

/* Begin PBXBuildFile section */
		CA0CAFD62B107D1A00DD4F87 /* AppDelegate.swift in Sources */ = {isa = PBXBuildFile; fileRef = CA0CAFD52B107D1A00DD4F87 /* AppDelegate.swift */; };
		CA0CAFD82B107D1A00DD4F87 /* SceneDelegate.swift in Sources */ = {isa = PBXBuildFile; fileRef = CA0CAFD72B107D1A00DD4F87 /* SceneDelegate.swift */; };
		CA0CAFDD2B107D1A00DD4F87 /* Main.storyboard in Resources */ = {isa = PBXBuildFile; fileRef = CA0CAFDB2B107D1A00DD4F87 /* Main.storyboard */; };
		CA0CAFDF2B107D1A00DD4F87 /* Assets.xcassets in Resources */ = {isa = PBXBuildFile; fileRef = CA0CAFDE2B107D1A00DD4F87 /* Assets.xcassets */; };
		CA0CAFE22B107D1A00DD4F87 /* LaunchScreen.storyboard in Resources */ = {isa = PBXBuildFile; fileRef = CA0CAFE02B107D1A00DD4F87 /* LaunchScreen.storyboard */; };
		CA0CAFED2B107D1B00DD4F87 /* ChatingListTests.swift in Sources */ = {isa = PBXBuildFile; fileRef = CA0CAFEC2B107D1B00DD4F87 /* ChatingListTests.swift */; };
		CA0CAFF72B107D1B00DD4F87 /* ChatingListUITests.swift in Sources */ = {isa = PBXBuildFile; fileRef = CA0CAFF62B107D1B00DD4F87 /* ChatingListUITests.swift */; };
		CA0CAFF92B107D1B00DD4F87 /* ChatingListUITestsLaunchTests.swift in Sources */ = {isa = PBXBuildFile; fileRef = CA0CAFF82B107D1B00DD4F87 /* ChatingListUITestsLaunchTests.swift */; };
		CA0CB0062B107D4E00DD4F87 /* ChatingListViewController.swift in Sources */ = {isa = PBXBuildFile; fileRef = CA0CB0052B107D4E00DD4F87 /* ChatingListViewController.swift */; };
		CA0CB00A2B107E5900DD4F87 /* Chat.swift in Sources */ = {isa = PBXBuildFile; fileRef = CA0CB0092B107E5900DD4F87 /* Chat.swift */; };
/* End PBXBuildFile section */

/* Begin PBXContainerItemProxy section */
		CA0CAFE92B107D1B00DD4F87 /* PBXContainerItemProxy */ = {
			isa = PBXContainerItemProxy;
			containerPortal = CA0CAFCA2B107D1900DD4F87 /* Project object */;
			proxyType = 1;
			remoteGlobalIDString = CA0CAFD12B107D1A00DD4F87;
			remoteInfo = ChatingList;
		};
		CA0CAFF32B107D1B00DD4F87 /* PBXContainerItemProxy */ = {
			isa = PBXContainerItemProxy;
			containerPortal = CA0CAFCA2B107D1900DD4F87 /* Project object */;
			proxyType = 1;
			remoteGlobalIDString = CA0CAFD12B107D1A00DD4F87;
			remoteInfo = ChatingList;
		};
/* End PBXContainerItemProxy section */

/* Begin PBXFileReference section */
		CA0CAFD22B107D1A00DD4F87 /* ChatingList.app */ = {isa = PBXFileReference; explicitFileType = wrapper.application; includeInIndex = 0; path = ChatingList.app; sourceTree = BUILT_PRODUCTS_DIR; };
		CA0CAFD52B107D1A00DD4F87 /* AppDelegate.swift */ = {isa = PBXFileReference; lastKnownFileType = sourcecode.swift; path = AppDelegate.swift; sourceTree = "<group>"; };
		CA0CAFD72B107D1A00DD4F87 /* SceneDelegate.swift */ = {isa = PBXFileReference; lastKnownFileType = sourcecode.swift; path = SceneDelegate.swift; sourceTree = "<group>"; };
		CA0CAFDC2B107D1A00DD4F87 /* Base */ = {isa = PBXFileReference; lastKnownFileType = file.storyboard; name = Base; path = Base.lproj/Main.storyboard; sourceTree = "<group>"; };
		CA0CAFDE2B107D1A00DD4F87 /* Assets.xcassets */ = {isa = PBXFileReference; lastKnownFileType = folder.assetcatalog; path = Assets.xcassets; sourceTree = "<group>"; };
		CA0CAFE12B107D1A00DD4F87 /* Base */ = {isa = PBXFileReference; lastKnownFileType = file.storyboard; name = Base; path = Base.lproj/LaunchScreen.storyboard; sourceTree = "<group>"; };
		CA0CAFE32B107D1A00DD4F87 /* Info.plist */ = {isa = PBXFileReference; lastKnownFileType = text.plist.xml; path = Info.plist; sourceTree = "<group>"; };
		CA0CAFE82B107D1B00DD4F87 /* ChatingListTests.xctest */ = {isa = PBXFileReference; explicitFileType = wrapper.cfbundle; includeInIndex = 0; path = ChatingListTests.xctest; sourceTree = BUILT_PRODUCTS_DIR; };
		CA0CAFEC2B107D1B00DD4F87 /* ChatingListTests.swift */ = {isa = PBXFileReference; lastKnownFileType = sourcecode.swift; path = ChatingListTests.swift; sourceTree = "<group>"; };
		CA0CAFF22B107D1B00DD4F87 /* ChatingListUITests.xctest */ = {isa = PBXFileReference; explicitFileType = wrapper.cfbundle; includeInIndex = 0; path = ChatingListUITests.xctest; sourceTree = BUILT_PRODUCTS_DIR; };
		CA0CAFF62B107D1B00DD4F87 /* ChatingListUITests.swift */ = {isa = PBXFileReference; lastKnownFileType = sourcecode.swift; path = ChatingListUITests.swift; sourceTree = "<group>"; };
		CA0CAFF82B107D1B00DD4F87 /* ChatingListUITestsLaunchTests.swift */ = {isa = PBXFileReference; lastKnownFileType = sourcecode.swift; path = ChatingListUITestsLaunchTests.swift; sourceTree = "<group>"; };
		CA0CB0052B107D4E00DD4F87 /* ChatingListViewController.swift */ = {isa = PBXFileReference; lastKnownFileType = sourcecode.swift; path = ChatingListViewController.swift; sourceTree = "<group>"; };
		CA0CB0092B107E5900DD4F87 /* Chat.swift */ = {isa = PBXFileReference; lastKnownFileType = sourcecode.swift; path = Chat.swift; sourceTree = "<group>"; };
/* End PBXFileReference section */

/* Begin PBXFrameworksBuildPhase section */
		CA0CAFCF2B107D1A00DD4F87 /* Frameworks */ = {
			isa = PBXFrameworksBuildPhase;
			buildActionMask = 2147483647;
			files = (
			);
			runOnlyForDeploymentPostprocessing = 0;
		};
		CA0CAFE52B107D1B00DD4F87 /* Frameworks */ = {
			isa = PBXFrameworksBuildPhase;
			buildActionMask = 2147483647;
			files = (
			);
			runOnlyForDeploymentPostprocessing = 0;
		};
		CA0CAFEF2B107D1B00DD4F87 /* Frameworks */ = {
			isa = PBXFrameworksBuildPhase;
			buildActionMask = 2147483647;
			files = (
			);
			runOnlyForDeploymentPostprocessing = 0;
		};
/* End PBXFrameworksBuildPhase section */

/* Begin PBXGroup section */
		CA0CAFC92B107D1900DD4F87 = {
			isa = PBXGroup;
			children = (
				CA0CAFD42B107D1A00DD4F87 /* ChatingList */,
				CA0CAFEB2B107D1B00DD4F87 /* ChatingListTests */,
				CA0CAFF52B107D1B00DD4F87 /* ChatingListUITests */,
				CA0CAFD32B107D1A00DD4F87 /* Products */,
			);
			sourceTree = "<group>";
		};
		CA0CAFD32B107D1A00DD4F87 /* Products */ = {
			isa = PBXGroup;
			children = (
				CA0CAFD22B107D1A00DD4F87 /* ChatingList.app */,
				CA0CAFE82B107D1B00DD4F87 /* ChatingListTests.xctest */,
				CA0CAFF22B107D1B00DD4F87 /* ChatingListUITests.xctest */,
			);
			name = Products;
			sourceTree = "<group>";
		};
		CA0CAFD42B107D1A00DD4F87 /* ChatingList */ = {
			isa = PBXGroup;
			children = (
				CA0CAFD52B107D1A00DD4F87 /* AppDelegate.swift */,
				CA0CAFD72B107D1A00DD4F87 /* SceneDelegate.swift */,
				CA0CAFDB2B107D1A00DD4F87 /* Main.storyboard */,
				CA0CAFDE2B107D1A00DD4F87 /* Assets.xcassets */,
				CA0CAFE02B107D1A00DD4F87 /* LaunchScreen.storyboard */,
				CA0CB0052B107D4E00DD4F87 /* ChatingListViewController.swift */,
				CA0CAFE32B107D1A00DD4F87 /* Info.plist */,
				CA0CB0092B107E5900DD4F87 /* Chat.swift */,
			);
			path = ChatingList;
			sourceTree = "<group>";
		};
		CA0CAFEB2B107D1B00DD4F87 /* ChatingListTests */ = {
			isa = PBXGroup;
			children = (
				CA0CAFEC2B107D1B00DD4F87 /* ChatingListTests.swift */,
			);
			path = ChatingListTests;
			sourceTree = "<group>";
		};
		CA0CAFF52B107D1B00DD4F87 /* ChatingListUITests */ = {
			isa = PBXGroup;
			children = (
				CA0CAFF62B107D1B00DD4F87 /* ChatingListUITests.swift */,
				CA0CAFF82B107D1B00DD4F87 /* ChatingListUITestsLaunchTests.swift */,
			);
			path = ChatingListUITests;
			sourceTree = "<group>";
		};
/* End PBXGroup section */

/* Begin PBXNativeTarget section */
		CA0CAFD12B107D1A00DD4F87 /* ChatingList */ = {
			isa = PBXNativeTarget;
			buildConfigurationList = CA0CAFFC2B107D1B00DD4F87 /* Build configuration list for PBXNativeTarget "ChatingList" */;
			buildPhases = (
				CA0CAFCE2B107D1A00DD4F87 /* Sources */,
				CA0CAFCF2B107D1A00DD4F87 /* Frameworks */,
				CA0CAFD02B107D1A00DD4F87 /* Resources */,
			);
			buildRules = (
			);
			dependencies = (
			);
			name = ChatingList;
			productName = ChatingList;
			productReference = CA0CAFD22B107D1A00DD4F87 /* ChatingList.app */;
			productType = "com.apple.product-type.application";
		};
		CA0CAFE72B107D1B00DD4F87 /* ChatingListTests */ = {
			isa = PBXNativeTarget;
			buildConfigurationList = CA0CAFFF2B107D1B00DD4F87 /* Build configuration list for PBXNativeTarget "ChatingListTests" */;
			buildPhases = (
				CA0CAFE42B107D1B00DD4F87 /* Sources */,
				CA0CAFE52B107D1B00DD4F87 /* Frameworks */,
				CA0CAFE62B107D1B00DD4F87 /* Resources */,
			);
			buildRules = (
			);
			dependencies = (
				CA0CAFEA2B107D1B00DD4F87 /* PBXTargetDependency */,
			);
			name = ChatingListTests;
			productName = ChatingListTests;
			productReference = CA0CAFE82B107D1B00DD4F87 /* ChatingListTests.xctest */;
			productType = "com.apple.product-type.bundle.unit-test";
		};
		CA0CAFF12B107D1B00DD4F87 /* ChatingListUITests */ = {
			isa = PBXNativeTarget;
			buildConfigurationList = CA0CB0022B107D1B00DD4F87 /* Build configuration list for PBXNativeTarget "ChatingListUITests" */;
			buildPhases = (
				CA0CAFEE2B107D1B00DD4F87 /* Sources */,
				CA0CAFEF2B107D1B00DD4F87 /* Frameworks */,
				CA0CAFF02B107D1B00DD4F87 /* Resources */,
			);
			buildRules = (
			);
			dependencies = (
				CA0CAFF42B107D1B00DD4F87 /* PBXTargetDependency */,
			);
			name = ChatingListUITests;
			productName = ChatingListUITests;
			productReference = CA0CAFF22B107D1B00DD4F87 /* ChatingListUITests.xctest */;
			productType = "com.apple.product-type.bundle.ui-testing";
		};
/* End PBXNativeTarget section */

/* Begin PBXProject section */
		CA0CAFCA2B107D1900DD4F87 /* Project object */ = {
			isa = PBXProject;
			attributes = {
				BuildIndependentTargetsInParallel = 1;
				LastSwiftUpdateCheck = 1430;
				LastUpgradeCheck = 1430;
				TargetAttributes = {
					CA0CAFD12B107D1A00DD4F87 = {
						CreatedOnToolsVersion = 14.3.1;
					};
					CA0CAFE72B107D1B00DD4F87 = {
						CreatedOnToolsVersion = 14.3.1;
						TestTargetID = CA0CAFD12B107D1A00DD4F87;
					};
					CA0CAFF12B107D1B00DD4F87 = {
						CreatedOnToolsVersion = 14.3.1;
						TestTargetID = CA0CAFD12B107D1A00DD4F87;
					};
				};
			};
			buildConfigurationList = CA0CAFCD2B107D1A00DD4F87 /* Build configuration list for PBXProject "ChatingList" */;
			compatibilityVersion = "Xcode 14.0";
			developmentRegion = en;
			hasScannedForEncodings = 0;
			knownRegions = (
				en,
				Base,
			);
			mainGroup = CA0CAFC92B107D1900DD4F87;
			productRefGroup = CA0CAFD32B107D1A00DD4F87 /* Products */;
			projectDirPath = "";
			projectRoot = "";
			targets = (
				CA0CAFD12B107D1A00DD4F87 /* ChatingList */,
				CA0CAFE72B107D1B00DD4F87 /* ChatingListTests */,
				CA0CAFF12B107D1B00DD4F87 /* ChatingListUITests */,
			);
		};
/* End PBXProject section */

/* Begin PBXResourcesBuildPhase section */
		CA0CAFD02B107D1A00DD4F87 /* Resources */ = {
			isa = PBXResourcesBuildPhase;
			buildActionMask = 2147483647;
			files = (
				CA0CAFE22B107D1A00DD4F87 /* LaunchScreen.storyboard in Resources */,
				CA0CAFDF2B107D1A00DD4F87 /* Assets.xcassets in Resources */,
				CA0CAFDD2B107D1A00DD4F87 /* Main.storyboard in Resources */,
			);
			runOnlyForDeploymentPostprocessing = 0;
		};
		CA0CAFE62B107D1B00DD4F87 /* Resources */ = {
			isa = PBXResourcesBuildPhase;
			buildActionMask = 2147483647;
			files = (
			);
			runOnlyForDeploymentPostprocessing = 0;
		};
		CA0CAFF02B107D1B00DD4F87 /* Resources */ = {
			isa = PBXResourcesBuildPhase;
			buildActionMask = 2147483647;
			files = (
			);
			runOnlyForDeploymentPostprocessing = 0;
		};
/* End PBXResourcesBuildPhase section */

/* Begin PBXSourcesBuildPhase section */
		CA0CAFCE2B107D1A00DD4F87 /* Sources */ = {
			isa = PBXSourcesBuildPhase;
			buildActionMask = 2147483647;
			files = (
				CA0CAFD62B107D1A00DD4F87 /* AppDelegate.swift in Sources */,
				CA0CB00A2B107E5900DD4F87 /* Chat.swift in Sources */,
				CA0CB0062B107D4E00DD4F87 /* ChatingListViewController.swift in Sources */,
				CA0CAFD82B107D1A00DD4F87 /* SceneDelegate.swift in Sources */,
			);
			runOnlyForDeploymentPostprocessing = 0;
		};
		CA0CAFE42B107D1B00DD4F87 /* Sources */ = {
			isa = PBXSourcesBuildPhase;
			buildActionMask = 2147483647;
			files = (
				CA0CAFED2B107D1B00DD4F87 /* ChatingListTests.swift in Sources */,
			);
			runOnlyForDeploymentPostprocessing = 0;
		};
		CA0CAFEE2B107D1B00DD4F87 /* Sources */ = {
			isa = PBXSourcesBuildPhase;
			buildActionMask = 2147483647;
			files = (
				CA0CAFF72B107D1B00DD4F87 /* ChatingListUITests.swift in Sources */,
				CA0CAFF92B107D1B00DD4F87 /* ChatingListUITestsLaunchTests.swift in Sources */,
			);
			runOnlyForDeploymentPostprocessing = 0;
		};
/* End PBXSourcesBuildPhase section */

/* Begin PBXTargetDependency section */
		CA0CAFEA2B107D1B00DD4F87 /* PBXTargetDependency */ = {
			isa = PBXTargetDependency;
			target = CA0CAFD12B107D1A00DD4F87 /* ChatingList */;
			targetProxy = CA0CAFE92B107D1B00DD4F87 /* PBXContainerItemProxy */;
		};
		CA0CAFF42B107D1B00DD4F87 /* PBXTargetDependency */ = {
			isa = PBXTargetDependency;
			target = CA0CAFD12B107D1A00DD4F87 /* ChatingList */;
			targetProxy = CA0CAFF32B107D1B00DD4F87 /* PBXContainerItemProxy */;
		};
/* End PBXTargetDependency section */

/* Begin PBXVariantGroup section */
		CA0CAFDB2B107D1A00DD4F87 /* Main.storyboard */ = {
			isa = PBXVariantGroup;
			children = (
				CA0CAFDC2B107D1A00DD4F87 /* Base */,
			);
			name = Main.storyboard;
			sourceTree = "<group>";
		};
		CA0CAFE02B107D1A00DD4F87 /* LaunchScreen.storyboard */ = {
			isa = PBXVariantGroup;
			children = (
				CA0CAFE12B107D1A00DD4F87 /* Base */,
			);
			name = LaunchScreen.storyboard;
			sourceTree = "<group>";
		};
/* End PBXVariantGroup section */

/* Begin XCBuildConfiguration section */
		CA0CAFFA2B107D1B00DD4F87 /* Debug */ = {
			isa = XCBuildConfiguration;
			buildSettings = {
				ALWAYS_SEARCH_USER_PATHS = NO;
				CLANG_ANALYZER_NONNULL = YES;
				CLANG_ANALYZER_NUMBER_OBJECT_CONVERSION = YES_AGGRESSIVE;
				CLANG_CXX_LANGUAGE_STANDARD = "gnu++20";
				CLANG_ENABLE_MODULES = YES;
				CLANG_ENABLE_OBJC_ARC = YES;
				CLANG_ENABLE_OBJC_WEAK = YES;
				CLANG_WARN_BLOCK_CAPTURE_AUTORELEASING = YES;
				CLANG_WARN_BOOL_CONVERSION = YES;
				CLANG_WARN_COMMA = YES;
				CLANG_WARN_CONSTANT_CONVERSION = YES;
				CLANG_WARN_DEPRECATED_OBJC_IMPLEMENTATIONS = YES;
				CLANG_WARN_DIRECT_OBJC_ISA_USAGE = YES_ERROR;
				CLANG_WARN_DOCUMENTATION_COMMENTS = YES;
				CLANG_WARN_EMPTY_BODY = YES;
				CLANG_WARN_ENUM_CONVERSION = YES;
				CLANG_WARN_INFINITE_RECURSION = YES;
				CLANG_WARN_INT_CONVERSION = YES;
				CLANG_WARN_NON_LITERAL_NULL_CONVERSION = YES;
				CLANG_WARN_OBJC_IMPLICIT_RETAIN_SELF = YES;
				CLANG_WARN_OBJC_LITERAL_CONVERSION = YES;
				CLANG_WARN_OBJC_ROOT_CLASS = YES_ERROR;
				CLANG_WARN_QUOTED_INCLUDE_IN_FRAMEWORK_HEADER = YES;
				CLANG_WARN_RANGE_LOOP_ANALYSIS = YES;
				CLANG_WARN_STRICT_PROTOTYPES = YES;
				CLANG_WARN_SUSPICIOUS_MOVE = YES;
				CLANG_WARN_UNGUARDED_AVAILABILITY = YES_AGGRESSIVE;
				CLANG_WARN_UNREACHABLE_CODE = YES;
				CLANG_WARN__DUPLICATE_METHOD_MATCH = YES;
				COPY_PHASE_STRIP = NO;
				DEBUG_INFORMATION_FORMAT = dwarf;
				ENABLE_STRICT_OBJC_MSGSEND = YES;
				ENABLE_TESTABILITY = YES;
				GCC_C_LANGUAGE_STANDARD = gnu11;
				GCC_DYNAMIC_NO_PIC = NO;
				GCC_NO_COMMON_BLOCKS = YES;
				GCC_OPTIMIZATION_LEVEL = 0;
				GCC_PREPROCESSOR_DEFINITIONS = (
					"DEBUG=1",
					"$(inherited)",
				);
				GCC_WARN_64_TO_32_BIT_CONVERSION = YES;
				GCC_WARN_ABOUT_RETURN_TYPE = YES_ERROR;
				GCC_WARN_UNDECLARED_SELECTOR = YES;
				GCC_WARN_UNINITIALIZED_AUTOS = YES_AGGRESSIVE;
				GCC_WARN_UNUSED_FUNCTION = YES;
				GCC_WARN_UNUSED_VARIABLE = YES;
				IPHONEOS_DEPLOYMENT_TARGET = 16.4;
				MTL_ENABLE_DEBUG_INFO = INCLUDE_SOURCE;
				MTL_FAST_MATH = YES;
				ONLY_ACTIVE_ARCH = YES;
				SDKROOT = iphoneos;
				SWIFT_ACTIVE_COMPILATION_CONDITIONS = DEBUG;
				SWIFT_OPTIMIZATION_LEVEL = "-Onone";
			};
			name = Debug;
		};
		CA0CAFFB2B107D1B00DD4F87 /* Release */ = {
			isa = XCBuildConfiguration;
			buildSettings = {
				ALWAYS_SEARCH_USER_PATHS = NO;
				CLANG_ANALYZER_NONNULL = YES;
				CLANG_ANALYZER_NUMBER_OBJECT_CONVERSION = YES_AGGRESSIVE;
				CLANG_CXX_LANGUAGE_STANDARD = "gnu++20";
				CLANG_ENABLE_MODULES = YES;
				CLANG_ENABLE_OBJC_ARC = YES;
				CLANG_ENABLE_OBJC_WEAK = YES;
				CLANG_WARN_BLOCK_CAPTURE_AUTORELEASING = YES;
				CLANG_WARN_BOOL_CONVERSION = YES;
				CLANG_WARN_COMMA = YES;
				CLANG_WARN_CONSTANT_CONVERSION = YES;
				CLANG_WARN_DEPRECATED_OBJC_IMPLEMENTATIONS = YES;
				CLANG_WARN_DIRECT_OBJC_ISA_USAGE = YES_ERROR;
				CLANG_WARN_DOCUMENTATION_COMMENTS = YES;
				CLANG_WARN_EMPTY_BODY = YES;
				CLANG_WARN_ENUM_CONVERSION = YES;
				CLANG_WARN_INFINITE_RECURSION = YES;
				CLANG_WARN_INT_CONVERSION = YES;
				CLANG_WARN_NON_LITERAL_NULL_CONVERSION = YES;
				CLANG_WARN_OBJC_IMPLICIT_RETAIN_SELF = YES;
				CLANG_WARN_OBJC_LITERAL_CONVERSION = YES;
				CLANG_WARN_OBJC_ROOT_CLASS = YES_ERROR;
				CLANG_WARN_QUOTED_INCLUDE_IN_FRAMEWORK_HEADER = YES;
				CLANG_WARN_RANGE_LOOP_ANALYSIS = YES;
				CLANG_WARN_STRICT_PROTOTYPES = YES;
				CLANG_WARN_SUSPICIOUS_MOVE = YES;
				CLANG_WARN_UNGUARDED_AVAILABILITY = YES_AGGRESSIVE;
				CLANG_WARN_UNREACHABLE_CODE = YES;
				CLANG_WARN__DUPLICATE_METHOD_MATCH = YES;
				COPY_PHASE_STRIP = NO;
				DEBUG_INFORMATION_FORMAT = "dwarf-with-dsym";
				ENABLE_NS_ASSERTIONS = NO;
				ENABLE_STRICT_OBJC_MSGSEND = YES;
				GCC_C_LANGUAGE_STANDARD = gnu11;
				GCC_NO_COMMON_BLOCKS = YES;
				GCC_WARN_64_TO_32_BIT_CONVERSION = YES;
				GCC_WARN_ABOUT_RETURN_TYPE = YES_ERROR;
				GCC_WARN_UNDECLARED_SELECTOR = YES;
				GCC_WARN_UNINITIALIZED_AUTOS = YES_AGGRESSIVE;
				GCC_WARN_UNUSED_FUNCTION = YES;
				GCC_WARN_UNUSED_VARIABLE = YES;
				IPHONEOS_DEPLOYMENT_TARGET = 16.4;
				MTL_ENABLE_DEBUG_INFO = NO;
				MTL_FAST_MATH = YES;
				SDKROOT = iphoneos;
				SWIFT_COMPILATION_MODE = wholemodule;
				SWIFT_OPTIMIZATION_LEVEL = "-O";
				VALIDATE_PRODUCT = YES;
			};
			name = Release;
		};
		CA0CAFFD2B107D1B00DD4F87 /* Debug */ = {
			isa = XCBuildConfiguration;
			buildSettings = {
				ASSETCATALOG_COMPILER_APPICON_NAME = AppIcon;
				ASSETCATALOG_COMPILER_GLOBAL_ACCENT_COLOR_NAME = AccentColor;
				CODE_SIGN_STYLE = Automatic;
				CURRENT_PROJECT_VERSION = 1;
				DEVELOPMENT_TEAM = J37F74C2JU;
				GENERATE_INFOPLIST_FILE = YES;
				INFOPLIST_FILE = ChatingList/Info.plist;
				INFOPLIST_KEY_UIApplicationSupportsIndirectInputEvents = YES;
				INFOPLIST_KEY_UILaunchStoryboardName = LaunchScreen;
				INFOPLIST_KEY_UIMainStoryboardFile = Main;
				INFOPLIST_KEY_UISupportedInterfaceOrientations_iPad = "UIInterfaceOrientationPortrait UIInterfaceOrientationPortraitUpsideDown UIInterfaceOrientationLandscapeLeft UIInterfaceOrientationLandscapeRight";
				INFOPLIST_KEY_UISupportedInterfaceOrientations_iPhone = "UIInterfaceOrientationPortrait UIInterfaceOrientationLandscapeLeft UIInterfaceOrientationLandscapeRight";
				LD_RUNPATH_SEARCH_PATHS = (
					"$(inherited)",
					"@executable_path/Frameworks",
				);
				MARKETING_VERSION = 1.0;
				PRODUCT_BUNDLE_IDENTIFIER = kr.sj1853.ChatingList;
				PRODUCT_NAME = "$(TARGET_NAME)";
				SWIFT_EMIT_LOC_STRINGS = YES;
				SWIFT_VERSION = 5.0;
				TARGETED_DEVICE_FAMILY = "1,2";
			};
			name = Debug;
		};
		CA0CAFFE2B107D1B00DD4F87 /* Release */ = {
			isa = XCBuildConfiguration;
			buildSettings = {
				ASSETCATALOG_COMPILER_APPICON_NAME = AppIcon;
				ASSETCATALOG_COMPILER_GLOBAL_ACCENT_COLOR_NAME = AccentColor;
				CODE_SIGN_STYLE = Automatic;
				CURRENT_PROJECT_VERSION = 1;
				DEVELOPMENT_TEAM = J37F74C2JU;
				GENERATE_INFOPLIST_FILE = YES;
				INFOPLIST_FILE = ChatingList/Info.plist;
				INFOPLIST_KEY_UIApplicationSupportsIndirectInputEvents = YES;
				INFOPLIST_KEY_UILaunchStoryboardName = LaunchScreen;
				INFOPLIST_KEY_UIMainStoryboardFile = Main;
				INFOPLIST_KEY_UISupportedInterfaceOrientations_iPad = "UIInterfaceOrientationPortrait UIInterfaceOrientationPortraitUpsideDown UIInterfaceOrientationLandscapeLeft UIInterfaceOrientationLandscapeRight";
				INFOPLIST_KEY_UISupportedInterfaceOrientations_iPhone = "UIInterfaceOrientationPortrait UIInterfaceOrientationLandscapeLeft UIInterfaceOrientationLandscapeRight";
				LD_RUNPATH_SEARCH_PATHS = (
					"$(inherited)",
					"@executable_path/Frameworks",
				);
				MARKETING_VERSION = 1.0;
				PRODUCT_BUNDLE_IDENTIFIER = kr.sj1853.ChatingList;
				PRODUCT_NAME = "$(TARGET_NAME)";
				SWIFT_EMIT_LOC_STRINGS = YES;
				SWIFT_VERSION = 5.0;
				TARGETED_DEVICE_FAMILY = "1,2";
			};
			name = Release;
		};
		CA0CB0002B107D1B00DD4F87 /* Debug */ = {
			isa = XCBuildConfiguration;
			buildSettings = {
				ALWAYS_EMBED_SWIFT_STANDARD_LIBRARIES = YES;
				BUNDLE_LOADER = "$(TEST_HOST)";
				CODE_SIGN_STYLE = Automatic;
				CURRENT_PROJECT_VERSION = 1;
				DEVELOPMENT_TEAM = J37F74C2JU;
				GENERATE_INFOPLIST_FILE = YES;
				IPHONEOS_DEPLOYMENT_TARGET = 16.4;
				MARKETING_VERSION = 1.0;
				PRODUCT_BUNDLE_IDENTIFIER = kr.sj1853.ChatingListTests;
				PRODUCT_NAME = "$(TARGET_NAME)";
				SWIFT_EMIT_LOC_STRINGS = NO;
				SWIFT_VERSION = 5.0;
				TARGETED_DEVICE_FAMILY = "1,2";
				TEST_HOST = "$(BUILT_PRODUCTS_DIR)/ChatingList.app/$(BUNDLE_EXECUTABLE_FOLDER_PATH)/ChatingList";
			};
			name = Debug;
		};
		CA0CB0012B107D1B00DD4F87 /* Release */ = {
			isa = XCBuildConfiguration;
			buildSettings = {
				ALWAYS_EMBED_SWIFT_STANDARD_LIBRARIES = YES;
				BUNDLE_LOADER = "$(TEST_HOST)";
				CODE_SIGN_STYLE = Automatic;
				CURRENT_PROJECT_VERSION = 1;
				DEVELOPMENT_TEAM = J37F74C2JU;
				GENERATE_INFOPLIST_FILE = YES;
				IPHONEOS_DEPLOYMENT_TARGET = 16.4;
				MARKETING_VERSION = 1.0;
				PRODUCT_BUNDLE_IDENTIFIER = kr.sj1853.ChatingListTests;
				PRODUCT_NAME = "$(TARGET_NAME)";
				SWIFT_EMIT_LOC_STRINGS = NO;
				SWIFT_VERSION = 5.0;
				TARGETED_DEVICE_FAMILY = "1,2";
				TEST_HOST = "$(BUILT_PRODUCTS_DIR)/ChatingList.app/$(BUNDLE_EXECUTABLE_FOLDER_PATH)/ChatingList";
			};
			name = Release;
		};
		CA0CB0032B107D1B00DD4F87 /* Debug */ = {
			isa = XCBuildConfiguration;
			buildSettings = {
				ALWAYS_EMBED_SWIFT_STANDARD_LIBRARIES = YES;
				CODE_SIGN_STYLE = Automatic;
				CURRENT_PROJECT_VERSION = 1;
				DEVELOPMENT_TEAM = J37F74C2JU;
				GENERATE_INFOPLIST_FILE = YES;
				MARKETING_VERSION = 1.0;
				PRODUCT_BUNDLE_IDENTIFIER = kr.sj1853.ChatingListUITests;
				PRODUCT_NAME = "$(TARGET_NAME)";
				SWIFT_EMIT_LOC_STRINGS = NO;
				SWIFT_VERSION = 5.0;
				TARGETED_DEVICE_FAMILY = "1,2";
				TEST_TARGET_NAME = ChatingList;
			};
			name = Debug;
		};
		CA0CB0042B107D1B00DD4F87 /* Release */ = {
			isa = XCBuildConfiguration;
			buildSettings = {
				ALWAYS_EMBED_SWIFT_STANDARD_LIBRARIES = YES;
				CODE_SIGN_STYLE = Automatic;
				CURRENT_PROJECT_VERSION = 1;
				DEVELOPMENT_TEAM = J37F74C2JU;
				GENERATE_INFOPLIST_FILE = YES;
				MARKETING_VERSION = 1.0;
				PRODUCT_BUNDLE_IDENTIFIER = kr.sj1853.ChatingListUITests;
				PRODUCT_NAME = "$(TARGET_NAME)";
				SWIFT_EMIT_LOC_STRINGS = NO;
				SWIFT_VERSION = 5.0;
				TARGETED_DEVICE_FAMILY = "1,2";
				TEST_TARGET_NAME = ChatingList;
			};
			name = Release;
		};
/* End XCBuildConfiguration section */

/* Begin XCConfigurationList section */
		CA0CAFCD2B107D1A00DD4F87 /* Build configuration list for PBXProject "ChatingList" */ = {
			isa = XCConfigurationList;
			buildConfigurations = (
				CA0CAFFA2B107D1B00DD4F87 /* Debug */,
				CA0CAFFB2B107D1B00DD4F87 /* Release */,
			);
			defaultConfigurationIsVisible = 0;
			defaultConfigurationName = Release;
		};
		CA0CAFFC2B107D1B00DD4F87 /* Build configuration list for PBXNativeTarget "ChatingList" */ = {
			isa = XCConfigurationList;
			buildConfigurations = (
				CA0CAFFD2B107D1B00DD4F87 /* Debug */,
				CA0CAFFE2B107D1B00DD4F87 /* Release */,
			);
			defaultConfigurationIsVisible = 0;
			defaultConfigurationName = Release;
		};
		CA0CAFFF2B107D1B00DD4F87 /* Build configuration list for PBXNativeTarget "ChatingListTests" */ = {
			isa = XCConfigurationList;
			buildConfigurations = (
				CA0CB0002B107D1B00DD4F87 /* Debug */,
				CA0CB0012B107D1B00DD4F87 /* Release */,
			);
			defaultConfigurationIsVisible = 0;
			defaultConfigurationName = Release;
		};
		CA0CB0022B107D1B00DD4F87 /* Build configuration list for PBXNativeTarget "ChatingListUITests" */ = {
			isa = XCConfigurationList;
			buildConfigurations = (
				CA0CB0032B107D1B00DD4F87 /* Debug */,
				CA0CB0042B107D1B00DD4F87 /* Release */,
			);
			defaultConfigurationIsVisible = 0;
			defaultConfigurationName = Release;
		};
/* End XCConfigurationList section */
	};
	rootObject = CA0CAFCA2B107D1900DD4F87 /* Project object */;
}
